
Microsoft Visual Studio Solution File, Format Version 12.00
# Visual Studio 15
VisualStudioVersion = 15.0.27004.2009
MinimumVisualStudioVersion = 10.0.40219.1
Project("{9A19103F-16F7-4668-BE54-9A1E7A4F7556}") = "JotunShard.Extensions", "src\JotunShard.Extensions.csproj", "{3EC4FA5B-0FA4-4975-9A52-28865C450C7D}"
EndProject
Project("{FAE04EC0-301F-11D3-BF4B-00C04F79EFBC}") = "JotunShard.Extensions.Test", "spec\JotunShard.Extensions.Test.csproj", "{8116EB99-3754-4184-AFD8-4044C726A339}"
EndProject
Project("{2150E333-8FDC-42A3-9474-1A3956D46DE8}") = "Solution Items", "Solution Items", "{CC18FEDF-12BD-48B0-B4AF-435A99E9DE30}"
	ProjectSection(SolutionItems) = preProject
		.editorconfig = .editorconfig
		CodeMaid.config = CodeMaid.config
		JotunShard.Extensions.sln.vsspell = JotunShard.Extensions.sln.vsspell
		LICENSE = LICENSE
		README.md = README.md
	EndProjectSection
EndProject
Project("{2150E333-8FDC-42A3-9474-1A3956D46DE8}") = ".github", ".github", "{EB5F1BA8-9F9F-414B-A35B-C52297E621C0}"
	ProjectSection(SolutionItems) = preProject
		.github\CODE_OF_CONDUCT.md = .github\CODE_OF_CONDUCT.md
		.github\CONTRIBUTING.md = .github\CONTRIBUTING.md
		.github\ISSUE_TEMPLATE.md = .github\ISSUE_TEMPLATE.md
		.github\PULL_REQUEST_TEMPLATE.md = .github\PULL_REQUEST_TEMPLATE.md
		.github\SUPPORT.md = .github\SUPPORT.md
	EndProjectSection
EndProject
Project("{2150E333-8FDC-42A3-9474-1A3956D46DE8}") = "pres", "pres", "{DF4EE51F-5BAF-404D-9474-88C581CF5637}"
	ProjectSection(SolutionItems) = preProject
		pres\docfx.json = pres\docfx.json
		pres\index.md = pres\index.md
		pres\toc.yml = pres\toc.yml
	EndProjectSection
EndProject
Project("{2150E333-8FDC-42A3-9474-1A3956D46DE8}") = "api", "api", "{4D2BDAF8-DE31-4AC0-B23C-D746DA402851}"
	ProjectSection(SolutionItems) = preProject
		pres\api\.manifest = pres\api\.manifest
		pres\api\index.md = pres\api\index.md
	EndProjectSection
EndProject
Project("{2150E333-8FDC-42A3-9474-1A3956D46DE8}") = "articles", "articles", "{8AA194F5-D6DF-4269-B393-728523C804CC}"
	ProjectSection(SolutionItems) = preProject
		pres\articles\intro.md = pres\articles\intro.md
		pres\articles\toc.yml = pres\articles\toc.yml
	EndProjectSection
EndProject
Global
	GlobalSection(SolutionConfigurationPlatforms) = preSolution
		Debug|Any CPU = Debug|Any CPU
		Release|Any CPU = Release|Any CPU
	EndGlobalSection
	GlobalSection(ProjectConfigurationPlatforms) = postSolution
		{3EC4FA5B-0FA4-4975-9A52-28865C450C7D}.Debug|Any CPU.ActiveCfg = Debug|Any CPU
		{3EC4FA5B-0FA4-4975-9A52-28865C450C7D}.Debug|Any CPU.Build.0 = Debug|Any CPU
		{3EC4FA5B-0FA4-4975-9A52-28865C450C7D}.Release|Any CPU.ActiveCfg = Release|Any CPU
		{3EC4FA5B-0FA4-4975-9A52-28865C450C7D}.Release|Any CPU.Build.0 = Release|Any CPU
		{8116EB99-3754-4184-AFD8-4044C726A339}.Debug|Any CPU.ActiveCfg = Debug|Any CPU
		{8116EB99-3754-4184-AFD8-4044C726A339}.Debug|Any CPU.Build.0 = Debug|Any CPU
		{8116EB99-3754-4184-AFD8-4044C726A339}.Release|Any CPU.ActiveCfg = Release|Any CPU
		{8116EB99-3754-4184-AFD8-4044C726A339}.Release|Any CPU.Build.0 = Release|Any CPU
	EndGlobalSection
	GlobalSection(SolutionProperties) = preSolution
		HideSolutionNode = FALSE
	EndGlobalSection
	GlobalSection(NestedProjects) = preSolution
		{4D2BDAF8-DE31-4AC0-B23C-D746DA402851} = {DF4EE51F-5BAF-404D-9474-88C581CF5637}
		{8AA194F5-D6DF-4269-B393-728523C804CC} = {DF4EE51F-5BAF-404D-9474-88C581CF5637}
	EndGlobalSection
	GlobalSection(ExtensibilityGlobals) = postSolution
		SolutionGuid = {4267536D-0C04-4E86-BEC5-12E3CA547544}
	EndGlobalSection
EndGlobal
